
Microsoft Visual Studio Solution File, Format Version 12.00
# Visual Studio Version 17
VisualStudioVersion = 17.10.35013.160
MinimumVisualStudioVersion = 10.0.40219.1
Project("{FAE04EC0-301F-11D3-BF4B-00C04F79EFBC}") = "WeatherApp.RestApi.BasicAuth", "WeatherApp.RestApi.BasicAuth.csproj", "{481BA8D8-4046-4E7D-90B6-58BC9AB75D50}"
EndProject
Global
	GlobalSection(SolutionConfigurationPlatforms) = preSolution
		Debug|Any CPU = Debug|Any CPU
		Release|Any CPU = Release|Any CPU
	EndGlobalSection
	GlobalSection(ProjectConfigurationPlatforms) = postSolution
		{481BA8D8-4046-4E7D-90B6-58BC9AB75D50}.Debug|Any CPU.ActiveCfg = Debug|Any CPU
		{481BA8D8-4046-4E7D-90B6-58BC9AB75D50}.Debug|Any CPU.Build.0 = Debug|Any CPU
		{481BA8D8-4046-4E7D-90B6-58BC9AB75D50}.Release|Any CPU.ActiveCfg = Release|Any CPU
		{481BA8D8-4046-4E7D-90B6-58BC9AB75D50}.Release|Any CPU.Build.0 = Release|Any CPU
	EndGlobalSection
	GlobalSection(SolutionProperties) = preSolution
		HideSolutionNode = FALSE
	EndGlobalSection
	GlobalSection(ExtensibilityGlobals) = postSolution
		SolutionGuid = {C095E662-F817-49F7-ACD5-C7FAABD23241}
	EndGlobalSection
EndGlobal
